
Microsoft Visual Studio Solution File, Format Version 12.00
# Visual Studio Version 17
VisualStudioVersion = 17.5.002.0
MinimumVisualStudioVersion = 10.0.40219.1
Project("{9A19103F-16F7-4668-BE54-9A1E7A4F7556}") = "001", "001\001.csproj", "{D79E6C01-092B-4536-AE17-13F6DA9C70A0}"
EndProject
Global
	GlobalSection(SolutionConfigurationPlatforms) = preSolution
		Debug|Any CPU = Debug|Any CPU
		Release|Any CPU = Release|Any CPU
	EndGlobalSection
	GlobalSection(ProjectConfigurationPlatforms) = postSolution
		{D79E6C01-092B-4536-AE17-13F6DA9C70A0}.Debug|Any CPU.ActiveCfg = Debug|Any CPU
		{D79E6C01-092B-4536-AE17-13F6DA9C70A0}.Debug|Any CPU.Build.0 = Debug|Any CPU
		{D79E6C01-092B-4536-AE17-13F6DA9C70A0}.Release|Any CPU.ActiveCfg = Release|Any CPU
		{D79E6C01-092B-4536-AE17-13F6DA9C70A0}.Release|Any CPU.Build.0 = Release|Any CPU
	EndGlobalSection
	GlobalSection(SolutionProperties) = preSolution
		HideSolutionNode = FALSE
	EndGlobalSection
	GlobalSection(ExtensibilityGlobals) = postSolution
		SolutionGuid = {381BA7A5-548A-4D2F-B459-F0CFC2701176}
	EndGlobalSection
EndGlobal
